dependencies:
- name: gpu-operator
  repository: https://helm.ngc.nvidia.com/nvidia
  version: v25.3.2
- name: network-operator
  repository: https://helm.ngc.nvidia.com/nvidia
  version: 25.7.0
digest: sha256:2a48e63fc55ea53646d54c0d5bffbde5e9ba4c78c5ee1d12d84934d30d05c16f
generated: "2025-08-25T15:00:31.156635015-04:00"
